
Microsoft Visual Studio Solution File, Format Version 12.00
# Visual Studio 15
VisualStudioVersion = 15.0.26228.9
MinimumVisualStudioVersion = 10.0.40219.1
Project("{FAE04EC0-301F-11D3-BF4B-00C04F79EFBC}") = "Model", "Model\Model.csproj", "{A8D4AE0F-6D43-41EF-BE05-65F3E25779CC}"
EndProject
Project("{FAE04EC0-301F-11D3-BF4B-00C04F79EFBC}") = "View", "View\View.csproj", "{83883E00-08F5-485A-9A25-4397F5B38826}"
EndProject
Global
	GlobalSection(SolutionConfigurationPlatforms) = preSolution
		Debug|Any CPU = Debug|Any CPU
		Release|Any CPU = Release|Any CPU
	EndGlobalSection
	GlobalSection(ProjectConfigurationPlatforms) = postSolution
		{A8D4AE0F-6D43-41EF-BE05-65F3E25779CC}.Debug|Any CPU.ActiveCfg = Debug|Any CPU
		{A8D4AE0F-6D43-41EF-BE05-65F3E25779CC}.Debug|Any CPU.Build.0 = Debug|Any CPU
		{A8D4AE0F-6D43-41EF-BE05-65F3E25779CC}.Release|Any CPU.ActiveCfg = Release|Any CPU
		{A8D4AE0F-6D43-41EF-BE05-65F3E25779CC}.Release|Any CPU.Build.0 = Release|Any CPU
		{83883E00-08F5-485A-9A25-4397F5B38826}.Debug|Any CPU.ActiveCfg = Debug|Any CPU
		{83883E00-08F5-485A-9A25-4397F5B38826}.Debug|Any CPU.Build.0 = Debug|Any CPU
		{83883E00-08F5-485A-9A25-4397F5B38826}.Release|Any CPU.ActiveCfg = Release|Any CPU
		{83883E00-08F5-485A-9A25-4397F5B38826}.Release|Any CPU.Build.0 = Release|Any CPU
	EndGlobalSection
	GlobalSection(SolutionProperties) = preSolution
		HideSolutionNode = FALSE
	EndGlobalSection
EndGlobal
